
Microsoft Visual Studio Solution File, Format Version 12.00
# Visual Studio Version 17
VisualStudioVersion = 17.2.32505.173
MinimumVisualStudioVersion = 10.0.40219.1
Project("{FAE04EC0-301F-11D3-BF4B-00C04F79EFBC}") = "SpecSync.ConnectionTester", "SpecSync.ConnectionTester.csproj", "{A3FA46C2-BE55-47FE-A46C-CCC8E9FEC308}"
EndProject
Global
	GlobalSection(SolutionConfigurationPlatforms) = preSolution
		Debug|Any CPU = Debug|Any CPU
		Release|Any CPU = Release|Any CPU
	EndGlobalSection
	GlobalSection(ProjectConfigurationPlatforms) = postSolution
		{A3FA46C2-BE55-47FE-A46C-CCC8E9FEC308}.Debug|Any CPU.ActiveCfg = Debug|Any CPU
		{A3FA46C2-BE55-47FE-A46C-CCC8E9FEC308}.Debug|Any CPU.Build.0 = Debug|Any CPU
		{A3FA46C2-BE55-47FE-A46C-CCC8E9FEC308}.Release|Any CPU.ActiveCfg = Release|Any CPU
		{A3FA46C2-BE55-47FE-A46C-CCC8E9FEC308}.Release|Any CPU.Build.0 = Release|Any CPU
	EndGlobalSection
	GlobalSection(SolutionProperties) = preSolution
		HideSolutionNode = FALSE
	EndGlobalSection
	GlobalSection(ExtensibilityGlobals) = postSolution
		SolutionGuid = {C8EA32BD-68CE-4131-945A-3ABDD66F82A4}
	EndGlobalSection
EndGlobal
